
Microsoft Visual Studio Solution File, Format Version 12.00
# Visual Studio 15
VisualStudioVersion = 15.0.27004.2002
MinimumVisualStudioVersion = 10.0.40219.1
Project("{2150E333-8FDC-42A3-9474-1A3956D46DE8}") = "2.Server", "2.Server", "{9FE3973A-CC40-479E-B3DF-6AE0ACE3B1DB}"
EndProject
Project("{2150E333-8FDC-42A3-9474-1A3956D46DE8}") = "0.Modules", "0.Modules", "{607F1D92-0886-4488-B0E5-FF78016BE300}"
EndProject
Project("{2150E333-8FDC-42A3-9474-1A3956D46DE8}") = "3.Controller", "3.Controller", "{0D725E75-169F-49C8-9ACF-B72EAFA0A8A4}"
EndProject
Project("{2150E333-8FDC-42A3-9474-1A3956D46DE8}") = "99.UnitTest", "99.UnitTest", "{192C0212-2491-4679-B925-2A923057873C}"
	ProjectSection(SolutionItems) = preProject
		ReadMe.txt = ReadMe.txt
	EndProjectSection
EndProject
Project("{2150E333-8FDC-42A3-9474-1A3956D46DE8}") = "5.Portal", "5.Portal", "{726105EE-F507-4EE5-A1AA-11045C0004C1}"
EndProject
Project("{E53339B2-1760-4266-BCC7-CA923CBCF16C}") = "docker-compose", "docker-compose.dcproj", "{DE2DFBE0-DD68-40CA-8878-1D1EB364C51E}"
EndProject
Project("{2150E333-8FDC-42A3-9474-1A3956D46DE8}") = "4.Register", "4.Register", "{3B891594-F915-41EF-BBF5-23D0932A9FC9}"
EndProject
Project("{2150E333-8FDC-42A3-9474-1A3956D46DE8}") = "1.ESB", "1.ESB", "{BEF73009-CBDD-4161-9DEF-C315D047F263}"
EndProject
Project("{9A19103F-16F7-4668-BE54-9A1E7A4F7556}") = "DapperExtensionsDNXCore", "0.Modules\DapperExtensionsDNXCore\DapperExtensionsDNXCore.csproj", "{80153AB6-95BC-409E-8E6F-D6048329C332}"
EndProject
Project("{9A19103F-16F7-4668-BE54-9A1E7A4F7556}") = "HH.API.Common", "0.Modules\HH.API.Common\HH.API.Common.csproj", "{745D5C07-3687-412F-8724-54916C1931D3}"
EndProject
Project("{9A19103F-16F7-4668-BE54-9A1E7A4F7556}") = "HH.API.Entity", "0.Modules\HH.API.Entity\HH.API.Entity.csproj", "{E96FCBE3-59EA-4A46-B257-7B0C8FF9458D}"
EndProject
Project("{9A19103F-16F7-4668-BE54-9A1E7A4F7556}") = "HH.API.Adapters", "1.ESB\HH.API.Adapters\HH.API.Adapters.csproj", "{346DA876-2543-439B-9384-C2C319BC1187}"
EndProject
Project("{9A19103F-16F7-4668-BE54-9A1E7A4F7556}") = "HH.API.IAdapters", "1.ESB\HH.API.IAdapter\HH.API.IAdapters.csproj", "{989184FA-8743-4D11-9D74-4B8F72706374}"
EndProject
Project("{9A19103F-16F7-4668-BE54-9A1E7A4F7556}") = "HH.API.IServices", "2.Server\HH.API.IServices\HH.API.IServices.csproj", "{6A0E9D17-95E2-445B-91C8-4EC459B0D3C3}"
EndProject
Project("{9A19103F-16F7-4668-BE54-9A1E7A4F7556}") = "HH.API.Services", "2.Server\HH.Services\HH.API.Services.csproj", "{30F61116-DE80-4959-A4FF-306E94030636}"
EndProject
Project("{9A19103F-16F7-4668-BE54-9A1E7A4F7556}") = "HH.API", "3.Controller\HH.API\HH.API.csproj", "{677515DE-ACF7-461F-AEDB-27A3BE93C382}"
EndProject
Project("{9A19103F-16F7-4668-BE54-9A1E7A4F7556}") = "HH.API.IController", "3.Controller\HH.IController\HH.API.IController.csproj", "{EE72605D-BE7F-4D8B-ACF1-DB48D668DE12}"
EndProject
Project("{9A19103F-16F7-4668-BE54-9A1E7A4F7556}") = "HH.Web", "5.Portal\HH.Web\HH.Web.csproj", "{B618A47B-25D0-4DA5-A13F-CC16F5B4F2F4}"
EndProject
Project("{9A19103F-16F7-4668-BE54-9A1E7A4F7556}") = "HH.Container", "99.UnitTest\HH.Container\HH.Container.csproj", "{FB8D7225-A0F9-45AC-AA44-E46DB5AA8435}"
EndProject
Project("{FAE04EC0-301F-11D3-BF4B-00C04F79EFBC}") = "HH.WebTest", "99.UnitTest\HH.WebTest\HH.WebTest.csproj", "{8993721B-FB3C-4D0C-826D-68BE573E545C}"
EndProject
Project("{9A19103F-16F7-4668-BE54-9A1E7A4F7556}") = "Test", "99.UnitTest\Test\Test.csproj", "{A9D35D41-20FB-477F-9396-766A3F560774}"
EndProject
Global
	GlobalSection(SolutionConfigurationPlatforms) = preSolution
		Debug|Any CPU = Debug|Any CPU
		Release|Any CPU = Release|Any CPU
	EndGlobalSection
	GlobalSection(ProjectConfigurationPlatforms) = postSolution
		{DE2DFBE0-DD68-40CA-8878-1D1EB364C51E}.Debug|Any CPU.ActiveCfg = Debug|Any CPU
		{DE2DFBE0-DD68-40CA-8878-1D1EB364C51E}.Debug|Any CPU.Build.0 = Debug|Any CPU
		{DE2DFBE0-DD68-40CA-8878-1D1EB364C51E}.Release|Any CPU.ActiveCfg = Release|Any CPU
		{DE2DFBE0-DD68-40CA-8878-1D1EB364C51E}.Release|Any CPU.Build.0 = Release|Any CPU
		{80153AB6-95BC-409E-8E6F-D6048329C332}.Debug|Any CPU.ActiveCfg = Debug|Any CPU
		{80153AB6-95BC-409E-8E6F-D6048329C332}.Debug|Any CPU.Build.0 = Debug|Any CPU
		{80153AB6-95BC-409E-8E6F-D6048329C332}.Release|Any CPU.ActiveCfg = Release|Any CPU
		{80153AB6-95BC-409E-8E6F-D6048329C332}.Release|Any CPU.Build.0 = Release|Any CPU
		{745D5C07-3687-412F-8724-54916C1931D3}.Debug|Any CPU.ActiveCfg = Debug|Any CPU
		{745D5C07-3687-412F-8724-54916C1931D3}.Debug|Any CPU.Build.0 = Debug|Any CPU
		{745D5C07-3687-412F-8724-54916C1931D3}.Release|Any CPU.ActiveCfg = Release|Any CPU
		{745D5C07-3687-412F-8724-54916C1931D3}.Release|Any CPU.Build.0 = Release|Any CPU
		{E96FCBE3-59EA-4A46-B257-7B0C8FF9458D}.Debug|Any CPU.ActiveCfg = Debug|Any CPU
		{E96FCBE3-59EA-4A46-B257-7B0C8FF9458D}.Debug|Any CPU.Build.0 = Debug|Any CPU
		{E96FCBE3-59EA-4A46-B257-7B0C8FF9458D}.Release|Any CPU.ActiveCfg = Release|Any CPU
		{E96FCBE3-59EA-4A46-B257-7B0C8FF9458D}.Release|Any CPU.Build.0 = Release|Any CPU
		{346DA876-2543-439B-9384-C2C319BC1187}.Debug|Any CPU.ActiveCfg = Debug|Any CPU
		{346DA876-2543-439B-9384-C2C319BC1187}.Debug|Any CPU.Build.0 = Debug|Any CPU
		{346DA876-2543-439B-9384-C2C319BC1187}.Release|Any CPU.ActiveCfg = Release|Any CPU
		{346DA876-2543-439B-9384-C2C319BC1187}.Release|Any CPU.Build.0 = Release|Any CPU
		{989184FA-8743-4D11-9D74-4B8F72706374}.Debug|Any CPU.ActiveCfg = Debug|Any CPU
		{989184FA-8743-4D11-9D74-4B8F72706374}.Debug|Any CPU.Build.0 = Debug|Any CPU
		{989184FA-8743-4D11-9D74-4B8F72706374}.Release|Any CPU.ActiveCfg = Release|Any CPU
		{989184FA-8743-4D11-9D74-4B8F72706374}.Release|Any CPU.Build.0 = Release|Any CPU
		{6A0E9D17-95E2-445B-91C8-4EC459B0D3C3}.Debug|Any CPU.ActiveCfg = Debug|Any CPU
		{6A0E9D17-95E2-445B-91C8-4EC459B0D3C3}.Debug|Any CPU.Build.0 = Debug|Any CPU
		{6A0E9D17-95E2-445B-91C8-4EC459B0D3C3}.Release|Any CPU.ActiveCfg = Release|Any CPU
		{6A0E9D17-95E2-445B-91C8-4EC459B0D3C3}.Release|Any CPU.Build.0 = Release|Any CPU
		{30F61116-DE80-4959-A4FF-306E94030636}.Debug|Any CPU.ActiveCfg = Debug|Any CPU
		{30F61116-DE80-4959-A4FF-306E94030636}.Debug|Any CPU.Build.0 = Debug|Any CPU
		{30F61116-DE80-4959-A4FF-306E94030636}.Release|Any CPU.ActiveCfg = Release|Any CPU
		{30F61116-DE80-4959-A4FF-306E94030636}.Release|Any CPU.Build.0 = Release|Any CPU
		{677515DE-ACF7-461F-AEDB-27A3BE93C382}.Debug|Any CPU.ActiveCfg = Debug|Any CPU
		{677515DE-ACF7-461F-AEDB-27A3BE93C382}.Debug|Any CPU.Build.0 = Debug|Any CPU
		{677515DE-ACF7-461F-AEDB-27A3BE93C382}.Release|Any CPU.ActiveCfg = Release|Any CPU
		{677515DE-ACF7-461F-AEDB-27A3BE93C382}.Release|Any CPU.Build.0 = Release|Any CPU
		{EE72605D-BE7F-4D8B-ACF1-DB48D668DE12}.Debug|Any CPU.ActiveCfg = Debug|Any CPU
		{EE72605D-BE7F-4D8B-ACF1-DB48D668DE12}.Debug|Any CPU.Build.0 = Debug|Any CPU
		{EE72605D-BE7F-4D8B-ACF1-DB48D668DE12}.Release|Any CPU.ActiveCfg = Release|Any CPU
		{EE72605D-BE7F-4D8B-ACF1-DB48D668DE12}.Release|Any CPU.Build.0 = Release|Any CPU
		{B618A47B-25D0-4DA5-A13F-CC16F5B4F2F4}.Debug|Any CPU.ActiveCfg = Debug|Any CPU
		{B618A47B-25D0-4DA5-A13F-CC16F5B4F2F4}.Debug|Any CPU.Build.0 = Debug|Any CPU
		{B618A47B-25D0-4DA5-A13F-CC16F5B4F2F4}.Release|Any CPU.ActiveCfg = Release|Any CPU
		{B618A47B-25D0-4DA5-A13F-CC16F5B4F2F4}.Release|Any CPU.Build.0 = Release|Any CPU
		{FB8D7225-A0F9-45AC-AA44-E46DB5AA8435}.Debug|Any CPU.ActiveCfg = Debug|Any CPU
		{FB8D7225-A0F9-45AC-AA44-E46DB5AA8435}.Debug|Any CPU.Build.0 = Debug|Any CPU
		{FB8D7225-A0F9-45AC-AA44-E46DB5AA8435}.Release|Any CPU.ActiveCfg = Release|Any CPU
		{FB8D7225-A0F9-45AC-AA44-E46DB5AA8435}.Release|Any CPU.Build.0 = Release|Any CPU
		{8993721B-FB3C-4D0C-826D-68BE573E545C}.Debug|Any CPU.ActiveCfg = Debug|Any CPU
		{8993721B-FB3C-4D0C-826D-68BE573E545C}.Debug|Any CPU.Build.0 = Debug|Any CPU
		{8993721B-FB3C-4D0C-826D-68BE573E545C}.Release|Any CPU.ActiveCfg = Release|Any CPU
		{8993721B-FB3C-4D0C-826D-68BE573E545C}.Release|Any CPU.Build.0 = Release|Any CPU
		{A9D35D41-20FB-477F-9396-766A3F560774}.Debug|Any CPU.ActiveCfg = Debug|Any CPU
		{A9D35D41-20FB-477F-9396-766A3F560774}.Debug|Any CPU.Build.0 = Debug|Any CPU
		{A9D35D41-20FB-477F-9396-766A3F560774}.Release|Any CPU.ActiveCfg = Release|Any CPU
		{A9D35D41-20FB-477F-9396-766A3F560774}.Release|Any CPU.Build.0 = Release|Any CPU
	EndGlobalSection
	GlobalSection(SolutionProperties) = preSolution
		HideSolutionNode = FALSE
	EndGlobalSection
	GlobalSection(NestedProjects) = preSolution
		{80153AB6-95BC-409E-8E6F-D6048329C332} = {607F1D92-0886-4488-B0E5-FF78016BE300}
		{745D5C07-3687-412F-8724-54916C1931D3} = {607F1D92-0886-4488-B0E5-FF78016BE300}
		{E96FCBE3-59EA-4A46-B257-7B0C8FF9458D} = {607F1D92-0886-4488-B0E5-FF78016BE300}
		{346DA876-2543-439B-9384-C2C319BC1187} = {BEF73009-CBDD-4161-9DEF-C315D047F263}
		{989184FA-8743-4D11-9D74-4B8F72706374} = {BEF73009-CBDD-4161-9DEF-C315D047F263}
		{6A0E9D17-95E2-445B-91C8-4EC459B0D3C3} = {9FE3973A-CC40-479E-B3DF-6AE0ACE3B1DB}
		{30F61116-DE80-4959-A4FF-306E94030636} = {9FE3973A-CC40-479E-B3DF-6AE0ACE3B1DB}
		{677515DE-ACF7-461F-AEDB-27A3BE93C382} = {0D725E75-169F-49C8-9ACF-B72EAFA0A8A4}
		{EE72605D-BE7F-4D8B-ACF1-DB48D668DE12} = {0D725E75-169F-49C8-9ACF-B72EAFA0A8A4}
		{B618A47B-25D0-4DA5-A13F-CC16F5B4F2F4} = {726105EE-F507-4EE5-A1AA-11045C0004C1}
		{FB8D7225-A0F9-45AC-AA44-E46DB5AA8435} = {192C0212-2491-4679-B925-2A923057873C}
		{8993721B-FB3C-4D0C-826D-68BE573E545C} = {192C0212-2491-4679-B925-2A923057873C}
		{A9D35D41-20FB-477F-9396-766A3F560774} = {192C0212-2491-4679-B925-2A923057873C}
	EndGlobalSection
	GlobalSection(ExtensibilityGlobals) = postSolution
		SolutionGuid = {07FA70B5-3B13-4869-B874-9BD1E199D30A}
	EndGlobalSection
EndGlobal
