
Microsoft Visual Studio Solution File, Format Version 12.00
# Visual Studio 15
VisualStudioVersion = 15.0.27004.2002
MinimumVisualStudioVersion = 10.0.40219.1
Project("{9A19103F-16F7-4668-BE54-9A1E7A4F7556}") = "HH.Container", "HH.Container\HH.Container.csproj", "{82287D5E-CE2D-4BC0-8991-60D5FB4E34E6}"
EndProject
Project("{9A19103F-16F7-4668-BE54-9A1E7A4F7556}") = "HH.API", "HH.API\HH.API.csproj", "{719E9687-645B-41D5-BB3F-E3A899B73FF1}"
EndProject
Project("{2150E333-8FDC-42A3-9474-1A3956D46DE8}") = "Server", "Server", "{9FE3973A-CC40-479E-B3DF-6AE0ACE3B1DB}"
EndProject
Project("{9A19103F-16F7-4668-BE54-9A1E7A4F7556}") = "HH.API.Entity", "HH.API.Entity\HH.API.Entity.csproj", "{123404CA-1C32-45B0-93E2-FF07D7A79A4C}"
EndProject
Project("{9A19103F-16F7-4668-BE54-9A1E7A4F7556}") = "HH.IInterface", "HH.IInterface\HH.IInterface.csproj", "{A17FBF79-A2F2-49CD-A420-7C3B8C919E87}"
EndProject
Project("{9A19103F-16F7-4668-BE54-9A1E7A4F7556}") = "HH.API.Services", "HH.Services\HH.API.Services.csproj", "{EB32F3E3-7F39-4C33-A4A1-8EAEF1DE503D}"
EndProject
Project("{2150E333-8FDC-42A3-9474-1A3956D46DE8}") = "Modules", "Modules", "{607F1D92-0886-4488-B0E5-FF78016BE300}"
EndProject
Global
	GlobalSection(SolutionConfigurationPlatforms) = preSolution
		Debug|Any CPU = Debug|Any CPU
		Release|Any CPU = Release|Any CPU
	EndGlobalSection
	GlobalSection(ProjectConfigurationPlatforms) = postSolution
		{82287D5E-CE2D-4BC0-8991-60D5FB4E34E6}.Debug|Any CPU.ActiveCfg = Debug|Any CPU
		{82287D5E-CE2D-4BC0-8991-60D5FB4E34E6}.Debug|Any CPU.Build.0 = Debug|Any CPU
		{82287D5E-CE2D-4BC0-8991-60D5FB4E34E6}.Release|Any CPU.ActiveCfg = Release|Any CPU
		{82287D5E-CE2D-4BC0-8991-60D5FB4E34E6}.Release|Any CPU.Build.0 = Release|Any CPU
		{719E9687-645B-41D5-BB3F-E3A899B73FF1}.Debug|Any CPU.ActiveCfg = Debug|Any CPU
		{719E9687-645B-41D5-BB3F-E3A899B73FF1}.Debug|Any CPU.Build.0 = Debug|Any CPU
		{719E9687-645B-41D5-BB3F-E3A899B73FF1}.Release|Any CPU.ActiveCfg = Release|Any CPU
		{719E9687-645B-41D5-BB3F-E3A899B73FF1}.Release|Any CPU.Build.0 = Release|Any CPU
		{123404CA-1C32-45B0-93E2-FF07D7A79A4C}.Debug|Any CPU.ActiveCfg = Debug|Any CPU
		{123404CA-1C32-45B0-93E2-FF07D7A79A4C}.Debug|Any CPU.Build.0 = Debug|Any CPU
		{123404CA-1C32-45B0-93E2-FF07D7A79A4C}.Release|Any CPU.ActiveCfg = Release|Any CPU
		{123404CA-1C32-45B0-93E2-FF07D7A79A4C}.Release|Any CPU.Build.0 = Release|Any CPU
		{A17FBF79-A2F2-49CD-A420-7C3B8C919E87}.Debug|Any CPU.ActiveCfg = Debug|Any CPU
		{A17FBF79-A2F2-49CD-A420-7C3B8C919E87}.Debug|Any CPU.Build.0 = Debug|Any CPU
		{A17FBF79-A2F2-49CD-A420-7C3B8C919E87}.Release|Any CPU.ActiveCfg = Release|Any CPU
		{A17FBF79-A2F2-49CD-A420-7C3B8C919E87}.Release|Any CPU.Build.0 = Release|Any CPU
		{EB32F3E3-7F39-4C33-A4A1-8EAEF1DE503D}.Debug|Any CPU.ActiveCfg = Debug|Any CPU
		{EB32F3E3-7F39-4C33-A4A1-8EAEF1DE503D}.Debug|Any CPU.Build.0 = Debug|Any CPU
		{EB32F3E3-7F39-4C33-A4A1-8EAEF1DE503D}.Release|Any CPU.ActiveCfg = Release|Any CPU
		{EB32F3E3-7F39-4C33-A4A1-8EAEF1DE503D}.Release|Any CPU.Build.0 = Release|Any CPU
	EndGlobalSection
	GlobalSection(SolutionProperties) = preSolution
		HideSolutionNode = FALSE
	EndGlobalSection
	GlobalSection(NestedProjects) = preSolution
		{123404CA-1C32-45B0-93E2-FF07D7A79A4C} = {9FE3973A-CC40-479E-B3DF-6AE0ACE3B1DB}
		{A17FBF79-A2F2-49CD-A420-7C3B8C919E87} = {9FE3973A-CC40-479E-B3DF-6AE0ACE3B1DB}
		{EB32F3E3-7F39-4C33-A4A1-8EAEF1DE503D} = {9FE3973A-CC40-479E-B3DF-6AE0ACE3B1DB}
	EndGlobalSection
	GlobalSection(ExtensibilityGlobals) = postSolution
		SolutionGuid = {07FA70B5-3B13-4869-B874-9BD1E199D30A}
	EndGlobalSection
EndGlobal
